PODS:
  - Flutter (1.0.0)
  - TPNS-iOS (1.3.9.1)
  - tpns_flutter_plugin (1.1.9):
    - Flutter
    - TPNS-iOS (= 1.3.9.1)

DEPENDENCIES:
  - Flutter (from `Flutter`)
  - tpns_flutter_plugin (from `.symlinks/plugins/tpns_flutter_plugin/ios`)

SPEC REPOS:
  https://github.com/CocoaPods/Specs.git:
    - TPNS-iOS

EXTERNAL SOURCES:
  Flutter:
    :path: Flutter
  tpns_flutter_plugin:
    :path: ".symlinks/plugins/tpns_flutter_plugin/ios"

SPEC CHECKSUMS:
  Flutter: 50d75fe2f02b26cc09d224853bb45737f8b3214a
  TPNS-iOS: f40c0b263a1f693df2efd790e3c5d95722a59323
  tpns_flutter_plugin: fa89fb028f9daddf8fc239500ac97e0cd5c1099f

PODFILE CHECKSUM: aafe91acc616949ddb318b77800a7f51bffa2a4c

COCOAPODS: 1.11.3
