PODS:
  - Flutter (1.0.0)
  - TPNS-iOS (1.3.9.4)
  - tpns_flutter_plugin (1.2.2):
    - Flutter
    - TPNS-iOS (= 1.3.9.4)

DEPENDENCIES:
  - Flutter (from `Flutter`)
  - tpns_flutter_plugin (from `.symlinks/plugins/tpns_flutter_plugin/ios`)

SPEC REPOS:
  https://github.com/CocoaPods/Specs.git:
    - TPNS-iOS

EXTERNAL SOURCES:
  Flutter:
    :path: Flutter
  tpns_flutter_plugin:
    :path: ".symlinks/plugins/tpns_flutter_plugin/ios"

SPEC CHECKSUMS:
  Flutter: 50d75fe2f02b26cc09d224853bb45737f8b3214a
  TPNS-iOS: f628f9de40924cd355741564af6b4fa4a2fa4bb4
  tpns_flutter_plugin: bc6103678caf4e527e7b178f4c3249690913d81f

PODFILE CHECKSUM: aafe91acc616949ddb318b77800a7f51bffa2a4c

COCOAPODS: 1.11.3
