PODS:
  - Flutter (1.0.0)
  - TPNS-iOS (1.4.0.4)
  - tpns_flutter_plugin (1.3.3):
    - Flutter
    - TPNS-iOS (= 1.4.0.4)

DEPENDENCIES:
  - Flutter (from `Flutter`)
  - tpns_flutter_plugin (from `.symlinks/plugins/tpns_flutter_plugin/ios`)

SPEC REPOS:
  trunk:
    - TPNS-iOS

EXTERNAL SOURCES:
  Flutter:
    :path: Flutter
  tpns_flutter_plugin:
    :path: ".symlinks/plugins/tpns_flutter_plugin/ios"

SPEC CHECKSUMS:
  Flutter: e0871f40cf51350855a761d2e70bf5af5b9b5de7
  TPNS-iOS: 38f2c743d01cd1e62cbdbb12455990a9a75fb492
  tpns_flutter_plugin: 65ae9c5071fde4cd6887ec1b5d979993bbd299bc

PODFILE CHECKSUM: c4c93c5f6502fe2754f48404d3594bf779584011

COCOAPODS: 1.15.2
